// !$*UTF8*$!
{
	archiveVersion = 1;
	classes = {
	};
	objectVersion = 46;
	objects = {

/* Begin PBXBuildFile section */
		064AF42C1E64EEF1006E6061 /* EggViewController.m in Sources */ = {isa = PBXBuildFile; fileRef = 064AF42B1E64EEF1006E6061 /* EggViewController.m */; };
		0684A7301E5CEE5A00DB055F /* main.m in Sources */ = {isa = PBXBuildFile; fileRef = 0684A72F1E5CEE5A00DB055F /* main.m */; };
		0684A7331E5CEE5A00DB055F /* AppDelegate.m in Sources */ = {isa = PBXBuildFile; fileRef = 0684A7321E5CEE5A00DB055F /* AppDelegate.m */; };
		0684A7361E5CEE5A00DB055F /* ViewController.m in Sources */ = {isa = PBXBuildFile; fileRef = 0684A7351E5CEE5A00DB055F /* ViewController.m */; };
		0684A7391E5CEE5A00DB055F /* Main.storyboard in Resources */ = {isa = PBXBuildFile; fileRef = 0684A7371E5CEE5A00DB055F /* Main.storyboard */; };
		0684A73C1E5CEE5A00DB055F /* CookBook.xcdatamodeld in Sources */ = {isa = PBXBuildFile; fileRef = 0684A73A1E5CEE5A00DB055F /* CookBook.xcdatamodeld */; };
		0684A73E1E5CEE5A00DB055F /* Assets.xcassets in Resources */ = {isa = PBXBuildFile; fileRef = 0684A73D1E5CEE5A00DB055F /* Assets.xcassets */; };
		0684A7411E5CEE5A00DB055F /* LaunchScreen.storyboard in Resources */ = {isa = PBXBuildFile; fileRef = 0684A73F1E5CEE5A00DB055F /* LaunchScreen.storyboard */; };
		0684A74C1E5CEE5A00DB055F /* CookBookTests.m in Sources */ = {isa = PBXBuildFile; fileRef = 0684A74B1E5CEE5A00DB055F /* CookBookTests.m */; };
		0684A7571E5CEE5B00DB055F /* CookBookUITests.m in Sources */ = {isa = PBXBuildFile; fileRef = 0684A7561E5CEE5B00DB055F /* CookBookUITests.m */; };
		0684A7661E5CF22900DB055F /* MainViewController.m in Sources */ = {isa = PBXBuildFile; fileRef = 0684A7651E5CF22900DB055F /* MainViewController.m */; };
		0684A7681E5CFE2D00DB055F /* india.png in Resources */ = {isa = PBXBuildFile; fileRef = 0684A7671E5CFE2D00DB055F /* india.png */; };
		0684A76A1E5CFE3300DB055F /* usa.png in Resources */ = {isa = PBXBuildFile; fileRef = 0684A7691E5CFE3300DB055F /* usa.png */; };
		0684A76D1E5D003E00DB055F /* indiaViewController.m in Sources */ = {isa = PBXBuildFile; fileRef = 0684A76C1E5D003E00DB055F /* indiaViewController.m */; };
		06C1D5BC1E5D0DD900D48EAF /* indiaTableViewCell.m in Sources */ = {isa = PBXBuildFile; fileRef = 06C1D5BB1E5D0DD900D48EAF /* indiaTableViewCell.m */; };
		06C1D5BE1E5D127C00D48EAF /* chicken.png in Resources */ = {isa = PBXBuildFile; fileRef = 06C1D5BD1E5D127C00D48EAF /* chicken.png */; };
		06C1D5C11E5D140400D48EAF /* chickenViewController.m in Sources */ = {isa = PBXBuildFile; fileRef = 06C1D5C01E5D140400D48EAF /* chickenViewController.m */; };
		06C1D5C41E5D1D3300D48EAF /* AVFoundation.framework in Frameworks */ = {isa = PBXBuildFile; fileRef = 06C1D5C31E5D1D3300D48EAF /* AVFoundation.framework */; };
		06C1D5C61E5D1D3B00D48EAF /* AVKit.framework in Frameworks */ = {isa = PBXBuildFile; fileRef = 06C1D5C51E5D1D3B00D48EAF /* AVKit.framework */; };
		06C1D5C91E5E5FBB00D48EAF /* 12512468_1049682341769015_8519392163478446518_n.jpg in Resources */ = {isa = PBXBuildFile; fileRef = 06C1D5C81E5E5FBB00D48EAF /* 12512468_1049682341769015_8519392163478446518_n.jpg */; };
/* End PBXBuildFile section */

/* Begin PBXContainerItemProxy section */
		0684A7481E5CEE5A00DB055F /* PBXContainerItemProxy */ = {
			isa = PBXContainerItemProxy;
			containerPortal = 0684A7231E5CEE5A00DB055F /* Project object */;
			proxyType = 1;
			remoteGlobalIDString = 0684A72A1E5CEE5A00DB055F;
			remoteInfo = CookBook;
		};
		0684A7531E5CEE5A00DB055F /* PBXContainerItemProxy */ = {
			isa = PBXContainerItemProxy;
			containerPortal = 0684A7231E5CEE5A00DB055F /* Project object */;
			proxyType = 1;
			remoteGlobalIDString = 0684A72A1E5CEE5A00DB055F;
			remoteInfo = CookBook;
		};
/* End PBXContainerItemProxy section */

/* Begin PBXFileReference section */
		064AF42A1E64EEF1006E6061 /* EggViewController.h */ = {isa = PBXFileReference; fileEncoding = 4; lastKnownFileType = sourcecode.c.h; path = EggViewController.h; sourceTree = "<group>"; };
		064AF42B1E64EEF1006E6061 /* EggViewController.m */ = {isa = PBXFileReference; fileEncoding = 4; lastKnownFileType = sourcecode.c.objc; path = EggViewController.m; sourceTree = "<group>"; };
		0684A72B1E5CEE5A00DB055F /* CookBook.app */ = {isa = PBXFileReference; explicitFileType = wrapper.application; includeInIndex = 0; path = CookBook.app; sourceTree = BUILT_PRODUCTS_DIR; };
		0684A72F1E5CEE5A00DB055F /* main.m */ = {isa = PBXFileReference; lastKnownFileType = sourcecode.c.objc; path = main.m; sourceTree = "<group>"; };
		0684A7311E5CEE5A00DB055F /* AppDelegate.h */ = {isa = PBXFileReference; lastKnownFileType = sourcecode.c.h; path = AppDelegate.h; sourceTree = "<group>"; };
		0684A7321E5CEE5A00DB055F /* AppDelegate.m */ = {isa = PBXFileReference; lastKnownFileType = sourcecode.c.objc; path = AppDelegate.m; sourceTree = "<group>"; };
		0684A7341E5CEE5A00DB055F /* ViewController.h */ = {isa = PBXFileReference; lastKnownFileType = sourcecode.c.h; path = ViewController.h; sourceTree = "<group>"; };
		0684A7351E5CEE5A00DB055F /* ViewController.m */ = {isa = PBXFileReference; lastKnownFileType = sourcecode.c.objc; path = ViewController.m; sourceTree = "<group>"; };
		0684A7381E5CEE5A00DB055F /* Base */ = {isa = PBXFileReference; lastKnownFileType = file.storyboard; name = Base; path = Base.lproj/Main.storyboard; sourceTree = "<group>"; };
		0684A73B1E5CEE5A00DB055F /* CookBook.xcdatamodel */ = {isa = PBXFileReference; lastKnownFileType = wrapper.xcdatamodel; path = CookBook.xcdatamodel; sourceTree = "<group>"; };
		0684A73D1E5CEE5A00DB055F /* Assets.xcassets */ = {isa = PBXFileReference; lastKnownFileType = folder.assetcatalog; path = Assets.xcassets; sourceTree = "<group>"; };
		0684A7401E5CEE5A00DB055F /* Base */ = {isa = PBXFileReference; lastKnownFileType = file.storyboard; name = Base; path = Base.lproj/LaunchScreen.storyboard; sourceTree = "<group>"; };
		0684A7421E5CEE5A00DB055F /* Info.plist */ = {isa = PBXFileReference; lastKnownFileType = text.plist.xml; path = Info.plist; sourceTree = "<group>"; };
		0684A7471E5CEE5A00DB055F /* CookBookTests.xctest */ = {isa = PBXFileReference; explicitFileType = wrapper.cfbundle; includeInIndex = 0; path = CookBookTests.xctest; sourceTree = BUILT_PRODUCTS_DIR; };
		0684A74B1E5CEE5A00DB055F /* CookBookTests.m */ = {isa = PBXFileReference; lastKnownFileType = sourcecode.c.objc; path = CookBookTests.m; sourceTree = "<group>"; };
		0684A74D1E5CEE5A00DB055F /* Info.plist */ = {isa = PBXFileReference; lastKnownFileType = text.plist.xml; path = Info.plist; sourceTree = "<group>"; };
		0684A7521E5CEE5A00DB055F /* CookBookUITests.xctest */ = {isa = PBXFileReference; explicitFileType = wrapper.cfbundle; includeInIndex = 0; path = CookBookUITests.xctest; sourceTree = BUILT_PRODUCTS_DIR; };
		0684A7561E5CEE5B00DB055F /* CookBookUITests.m */ = {isa = PBXFileReference; lastKnownFileType = sourcecode.c.objc; path = CookBookUITests.m; sourceTree = "<group>"; };
		0684A7581E5CEE5B00DB055F /* Info.plist */ = {isa = PBXFileReference; lastKnownFileType = text.plist.xml; path = Info.plist; sourceTree = "<group>"; };
		0684A7641E5CF22900DB055F /* MainViewController.h */ = {isa = PBXFileReference; fileEncoding = 4; lastKnownFileType = sourcecode.c.h; path = MainViewController.h; sourceTree = "<group>"; };
		0684A7651E5CF22900DB055F /* MainViewController.m */ = {isa = PBXFileReference; fileEncoding = 4; lastKnownFileType = sourcecode.c.objc; path = MainViewController.m; sourceTree = "<group>"; };
		0684A7671E5CFE2D00DB055F /* india.png */ = {isa = PBXFileReference; lastKnownFileType = image.png; path = india.png; sourceTree = "<group>"; };
		0684A7691E5CFE3300DB055F /* usa.png */ = {isa = PBXFileReference; lastKnownFileType = image.png; path = usa.png; sourceTree = "<group>"; };
		0684A76B1E5D003E00DB055F /* indiaViewController.h */ = {isa = PBXFileReference; fileEncoding = 4; lastKnownFileType = sourcecode.c.h; path = indiaViewController.h; sourceTree = "<group>"; };
		0684A76C1E5D003E00DB055F /* indiaViewController.m */ = {isa = PBXFileReference; fileEncoding = 4; lastKnownFileType = sourcecode.c.objc; path = indiaViewController.m; sourceTree = "<group>"; };
		06C1D5BA1E5D0DD900D48EAF /* indiaTableViewCell.h */ = {isa = PBXFileReference; fileEncoding = 4; lastKnownFileType = sourcecode.c.h; path = indiaTableViewCell.h; sourceTree = "<group>"; };
		06C1D5BB1E5D0DD900D48EAF /* indiaTableViewCell.m */ = {isa = PBXFileReference; fileEncoding = 4; lastKnownFileType = sourcecode.c.objc; path = indiaTableViewCell.m; sourceTree = "<group>"; };
		06C1D5BD1E5D127C00D48EAF /* chicken.png */ = {isa = PBXFileReference; lastKnownFileType = image.png; path = chicken.png; sourceTree = "<group>"; };
		06C1D5BF1E5D140400D48EAF /* chickenViewController.h */ = {isa = PBXFileReference; fileEncoding = 4; lastKnownFileType = sourcecode.c.h; path = chickenViewController.h; sourceTree = "<group>"; };
		06C1D5C01E5D140400D48EAF /* chickenViewController.m */ = {isa = PBXFileReference; fileEncoding = 4; lastKnownFileType = sourcecode.c.objc; path = chickenViewController.m; sourceTree = "<group>"; };
		06C1D5C31E5D1D3300D48EAF /* AVFoundation.framework */ = {isa = PBXFileReference; lastKnownFileType = wrapper.framework; name = AVFoundation.framework; path = System/Library/Frameworks/AVFoundation.framework; sourceTree = SDKROOT; };
		06C1D5C51E5D1D3B00D48EAF /* AVKit.framework */ = {isa = PBXFileReference; lastKnownFileType = wrapper.framework; name = AVKit.framework; path = System/Library/Frameworks/AVKit.framework; sourceTree = SDKROOT; };
		06C1D5C71E5D1EC600D48EAF /* IMG_0387.mp4 */ = {isa = PBXFileReference; lastKnownFileType = file; path = IMG_0387.mp4; sourceTree = "<group>"; };
		06C1D5C81E5E5FBB00D48EAF /* 12512468_1049682341769015_8519392163478446518_n.jpg */ = {isa = PBXFileReference; lastKnownFileType = image.jpeg; path = 12512468_1049682341769015_8519392163478446518_n.jpg; sourceTree = "<group>"; };
/* End PBXFileReference section */

/* Begin PBXFrameworksBuildPhase section */
		0684A7281E5CEE5A00DB055F /* Frameworks */ = {
			isa = PBXFrameworksBuildPhase;
			buildActionMask = 2147483647;
			files = (
				06C1D5C61E5D1D3B00D48EAF /* AVKit.framework in Frameworks */,
				06C1D5C41E5D1D3300D48EAF /* AVFoundation.framework in Frameworks */,
			);
			runOnlyForDeploymentPostprocessing = 0;
		};
		0684A7441E5CEE5A00DB055F /* Frameworks */ = {
			isa = PBXFrameworksBuildPhase;
			buildActionMask = 2147483647;
			files = (
			);
			runOnlyForDeploymentPostprocessing = 0;
		};
		0684A74F1E5CEE5A00DB055F /* Frameworks */ = {
			isa = PBXFrameworksBuildPhase;
			buildActionMask = 2147483647;
			files = (
			);
			runOnlyForDeploymentPostprocessing = 0;
		};
/* End PBXFrameworksBuildPhase section */

/* Begin PBXGroup section */
		0684A7221E5CEE5A00DB055F = {
			isa = PBXGroup;
			children = (
				0684A72D1E5CEE5A00DB055F /* CookBook */,
				0684A74A1E5CEE5A00DB055F /* CookBookTests */,
				0684A7551E5CEE5B00DB055F /* CookBookUITests */,
				0684A72C1E5CEE5A00DB055F /* Products */,
				06C1D5C21E5D1D3300D48EAF /* Frameworks */,
			);
			sourceTree = "<group>";
		};
		0684A72C1E5CEE5A00DB055F /* Products */ = {
			isa = PBXGroup;
			children = (
				0684A72B1E5CEE5A00DB055F /* CookBook.app */,
				0684A7471E5CEE5A00DB055F /* CookBookTests.xctest */,
				0684A7521E5CEE5A00DB055F /* CookBookUITests.xctest */,
			);
			name = Products;
			sourceTree = "<group>";
		};
		0684A72D1E5CEE5A00DB055F /* CookBook */ = {
			isa = PBXGroup;
			children = (
				0684A7311E5CEE5A00DB055F /* AppDelegate.h */,
				0684A7321E5CEE5A00DB055F /* AppDelegate.m */,
				0684A7341E5CEE5A00DB055F /* ViewController.h */,
				0684A7351E5CEE5A00DB055F /* ViewController.m */,
				0684A7641E5CF22900DB055F /* MainViewController.h */,
				0684A7651E5CF22900DB055F /* MainViewController.m */,
				0684A76B1E5D003E00DB055F /* indiaViewController.h */,
				0684A76C1E5D003E00DB055F /* indiaViewController.m */,
				06C1D5BA1E5D0DD900D48EAF /* indiaTableViewCell.h */,
				06C1D5BB1E5D0DD900D48EAF /* indiaTableViewCell.m */,
				06C1D5BF1E5D140400D48EAF /* chickenViewController.h */,
				06C1D5C01E5D140400D48EAF /* chickenViewController.m */,
				064AF42A1E64EEF1006E6061 /* EggViewController.h */,
				064AF42B1E64EEF1006E6061 /* EggViewController.m */,
				0684A7371E5CEE5A00DB055F /* Main.storyboard */,
				0684A7691E5CFE3300DB055F /* usa.png */,
				0684A7671E5CFE2D00DB055F /* india.png */,
				06C1D5BD1E5D127C00D48EAF /* chicken.png */,
				0684A73D1E5CEE5A00DB055F /* Assets.xcassets */,
				06C1D5C81E5E5FBB00D48EAF /* 12512468_1049682341769015_8519392163478446518_n.jpg */,
				06C1D5C71E5D1EC600D48EAF /* IMG_0387.mp4 */,
				0684A73F1E5CEE5A00DB055F /* LaunchScreen.storyboard */,
				0684A7421E5CEE5A00DB055F /* Info.plist */,
				0684A73A1E5CEE5A00DB055F /* CookBook.xcdatamodeld */,
				0684A72E1E5CEE5A00DB055F /* Supporting Files */,
			);
			path = CookBook;
			sourceTree = "<group>";
		};
		0684A72E1E5CEE5A00DB055F /* Supporting Files */ = {
			isa = PBXGroup;
			children = (
				0684A72F1E5CEE5A00DB055F /* main.m */,
			);
			name = "Supporting Files";
			sourceTree = "<group>";
		};
		0684A74A1E5CEE5A00DB055F /* CookBookTests */ = {
			isa = PBXGroup;
			children = (
				0684A74B1E5CEE5A00DB055F /* CookBookTests.m */,
				0684A74D1E5CEE5A00DB055F /* Info.plist */,
			);
			path = CookBookTests;
			sourceTree = "<group>";
		};
		0684A7551E5CEE5B00DB055F /* CookBookUITests */ = {
			isa = PBXGroup;
			children = (
				0684A7561E5CEE5B00DB055F /* CookBookUITests.m */,
				0684A7581E5CEE5B00DB055F /* Info.plist */,
			);
			path = CookBookUITests;
			sourceTree = "<group>";
		};
		06C1D5C21E5D1D3300D48EAF /* Frameworks */ = {
			isa = PBXGroup;
			children = (
				06C1D5C51E5D1D3B00D48EAF /* AVKit.framework */,
				06C1D5C31E5D1D3300D48EAF /* AVFoundation.framework */,
			);
			name = Frameworks;
			sourceTree = "<group>";
		};
/* End PBXGroup section */

/* Begin PBXNativeTarget section */
		0684A72A1E5CEE5A00DB055F /* CookBook */ = {
			isa = PBXNativeTarget;
			buildConfigurationList = 0684A75B1E5CEE5B00DB055F /* Build configuration list for PBXNativeTarget "CookBook" */;
			buildPhases = (
				0684A7271E5CEE5A00DB055F /* Sources */,
				0684A7281E5CEE5A00DB055F /* Frameworks */,
				0684A7291E5CEE5A00DB055F /* Resources */,
			);
			buildRules = (
			);
			dependencies = (
			);
			name = CookBook;
			productName = CookBook;
			productReference = 0684A72B1E5CEE5A00DB055F /* CookBook.app */;
			productType = "com.apple.product-type.application";
		};
		0684A7461E5CEE5A00DB055F /* CookBookTests */ = {
			isa = PBXNativeTarget;
			buildConfigurationList = 0684A75E1E5CEE5B00DB055F /* Build configuration list for PBXNativeTarget "CookBookTests" */;
			buildPhases = (
				0684A7431E5CEE5A00DB055F /* Sources */,
				0684A7441E5CEE5A00DB055F /* Frameworks */,
				0684A7451E5CEE5A00DB055F /* Resources */,
			);
			buildRules = (
			);
			dependencies = (
				0684A7491E5CEE5A00DB055F /* PBXTargetDependency */,
			);
			name = CookBookTests;
			productName = CookBookTests;
			productReference = 0684A7471E5CEE5A00DB055F /* CookBookTests.xctest */;
			productType = "com.apple.product-type.bundle.unit-test";
		};
		0684A7511E5CEE5A00DB055F /* CookBookUITests */ = {
			isa = PBXNativeTarget;
			buildConfigurationList = 0684A7611E5CEE5B00DB055F /* Build configuration list for PBXNativeTarget "CookBookUITests" */;
			buildPhases = (
				0684A74E1E5CEE5A00DB055F /* Sources */,
				0684A74F1E5CEE5A00DB055F /* Frameworks */,
				0684A7501E5CEE5A00DB055F /* Resources */,
			);
			buildRules = (
			);
			dependencies = (
				0684A7541E5CEE5A00DB055F /* PBXTargetDependency */,
			);
			name = CookBookUITests;
			productName = CookBookUITests;
			productReference = 0684A7521E5CEE5A00DB055F /* CookBookUITests.xctest */;
			productType = "com.apple.product-type.bundle.ui-testing";
		};
/* End PBXNativeTarget section */

/* Begin PBXProject section */
		0684A7231E5CEE5A00DB055F /* Project object */ = {
			isa = PBXProject;
			attributes = {
				LastUpgradeCheck = 0820;
				ORGANIZATIONNAME = "Prudhvi Chanda";
				TargetAttributes = {
					0684A72A1E5CEE5A00DB055F = {
						CreatedOnToolsVersion = 8.2.1;
						ProvisioningStyle = Automatic;
					};
					0684A7461E5CEE5A00DB055F = {
						CreatedOnToolsVersion = 8.2.1;
						ProvisioningStyle = Automatic;
						TestTargetID = 0684A72A1E5CEE5A00DB055F;
					};
					0684A7511E5CEE5A00DB055F = {
						CreatedOnToolsVersion = 8.2.1;
						ProvisioningStyle = Automatic;
						TestTargetID = 0684A72A1E5CEE5A00DB055F;
					};
				};
			};
			buildConfigurationList = 0684A7261E5CEE5A00DB055F /* Build configuration list for PBXProject "CookBook" */;
			compatibilityVersion = "Xcode 3.2";
			developmentRegion = English;
			hasScannedForEncodings = 0;
			knownRegions = (
				en,
				Base,
			);
			mainGroup = 0684A7221E5CEE5A00DB055F;
			productRefGroup = 0684A72C1E5CEE5A00DB055F /* Products */;
			projectDirPath = "";
			projectRoot = "";
			targets = (
				0684A72A1E5CEE5A00DB055F /* CookBook */,
				0684A7461E5CEE5A00DB055F /* CookBookTests */,
				0684A7511E5CEE5A00DB055F /* CookBookUITests */,
			);
		};
/* End PBXProject section */

/* Begin PBXResourcesBuildPhase section */
		0684A7291E5CEE5A00DB055F /* Resources */ = {
			isa = PBXResourcesBuildPhase;
			buildActionMask = 2147483647;
			files = (
				0684A7411E5CEE5A00DB055F /* LaunchScreen.storyboard in Resources */,
				06C1D5BE1E5D127C00D48EAF /* chicken.png in Resources */,
				0684A76A1E5CFE3300DB055F /* usa.png in Resources */,
				06C1D5C91E5E5FBB00D48EAF /* 12512468_1049682341769015_8519392163478446518_n.jpg in Resources */,
				0684A7681E5CFE2D00DB055F /* india.png in Resources */,
				0684A73E1E5CEE5A00DB055F /* Assets.xcassets in Resources */,
				0684A7391E5CEE5A00DB055F /* Main.storyboard in Resources */,
			);
			runOnlyForDeploymentPostprocessing = 0;
		};
		0684A7451E5CEE5A00DB055F /* Resources */ = {
			isa = PBXResourcesBuildPhase;
			buildActionMask = 2147483647;
			files = (
			);
			runOnlyForDeploymentPostprocessing = 0;
		};
		0684A7501E5CEE5A00DB055F /* Resources */ = {
			isa = PBXResourcesBuildPhase;
			buildActionMask = 2147483647;
			files = (
			);
			runOnlyForDeploymentPostprocessing = 0;
		};
/* End PBXResourcesBuildPhase section */

/* Begin PBXSourcesBuildPhase section */
		0684A7271E5CEE5A00DB055F /* Sources */ = {
			isa = PBXSourcesBuildPhase;
			buildActionMask = 2147483647;
			files = (
				0684A76D1E5D003E00DB055F /* indiaViewController.m in Sources */,
				0684A73C1E5CEE5A00DB055F /* CookBook.xcdatamodeld in Sources */,
				0684A7361E5CEE5A00DB055F /* ViewController.m in Sources */,
				0684A7331E5CEE5A00DB055F /* AppDelegate.m in Sources */,
				064AF42C1E64EEF1006E6061 /* EggViewController.m in Sources */,
				06C1D5BC1E5D0DD900D48EAF /* indiaTableViewCell.m in Sources */,
				0684A7661E5CF22900DB055F /* MainViewController.m in Sources */,
				06C1D5C11E5D140400D48EAF /* chickenViewController.m in Sources */,
				0684A7301E5CEE5A00DB055F /* main.m in Sources */,
			);
			runOnlyForDeploymentPostprocessing = 0;
		};
		0684A7431E5CEE5A00DB055F /* Sources */ = {
			isa = PBXSourcesBuildPhase;
			buildActionMask = 2147483647;
			files = (
				0684A74C1E5CEE5A00DB055F /* CookBookTests.m in Sources */,
			);
			runOnlyForDeploymentPostprocessing = 0;
		};
		0684A74E1E5CEE5A00DB055F /* Sources */ = {
			isa = PBXSourcesBuildPhase;
			buildActionMask = 2147483647;
			files = (
				0684A7571E5CEE5B00DB055F /* CookBookUITests.m in Sources */,
			);
			runOnlyForDeploymentPostprocessing = 0;
		};
/* End PBXSourcesBuildPhase section */

/* Begin PBXTargetDependency section */
		0684A7491E5CEE5A00DB055F /* PBXTargetDependency */ = {
			isa = PBXTargetDependency;
			target = 0684A72A1E5CEE5A00DB055F /* CookBook */;
			targetProxy = 0684A7481E5CEE5A00DB055F /* PBXContainerItemProxy */;
		};
		0684A7541E5CEE5A00DB055F /* PBXTargetDependency */ = {
			isa = PBXTargetDependency;
			target = 0684A72A1E5CEE5A00DB055F /* CookBook */;
			targetProxy = 0684A7531E5CEE5A00DB055F /* PBXContainerItemProxy */;
		};
/* End PBXTargetDependency section */

/* Begin PBXVariantGroup section */
		0684A7371E5CEE5A00DB055F /* Main.storyboard */ = {
			isa = PBXVariantGroup;
			children = (
				0684A7381E5CEE5A00DB055F /* Base */,
			);
			name = Main.storyboard;
			sourceTree = "<group>";
		};
		0684A73F1E5CEE5A00DB055F /* LaunchScreen.storyboard */ = {
			isa = PBXVariantGroup;
			children = (
				0684A7401E5CEE5A00DB055F /* Base */,
			);
			name = LaunchScreen.storyboard;
			sourceTree = "<group>";
		};
/* End PBXVariantGroup section */

/* Begin XCBuildConfiguration section */
		0684A7591E5CEE5B00DB055F /* Debug */ = {
			isa = XCBuildConfiguration;
			buildSettings = {
				ALWAYS_SEARCH_USER_PATHS = NO;
				CLANG_ANALYZER_NONNULL = YES;
				CLANG_CXX_LANGUAGE_STANDARD = "gnu++0x";
				CLANG_CXX_LIBRARY = "libc++";
				CLANG_ENABLE_MODULES = YES;
				CLANG_ENABLE_OBJC_ARC = YES;
				CLANG_WARN_BOOL_CONVERSION = YES;
				CLANG_WARN_CONSTANT_CONVERSION = YES;
				CLANG_WARN_DIRECT_OBJC_ISA_USAGE = YES_ERROR;
				CLANG_WARN_DOCUMENTATION_COMMENTS = YES;
				CLANG_WARN_EMPTY_BODY = YES;
				CLANG_WARN_ENUM_CONVERSION = YES;
				CLANG_WARN_INFINITE_RECURSION = YES;
				CLANG_WARN_INT_CONVERSION = YES;
				CLANG_WARN_OBJC_ROOT_CLASS = YES_ERROR;
				CLANG_WARN_SUSPICIOUS_MOVE = YES;
				CLANG_WARN_UNREACHABLE_CODE = YES;
				CLANG_WARN__DUPLICATE_METHOD_MATCH = YES;
				"CODE_SIGN_IDENTITY[sdk=iphoneos*]" = "iPhone Developer";
				COPY_PHASE_STRIP = NO;
				DEBUG_INFORMATION_FORMAT = dwarf;
				ENABLE_STRICT_OBJC_MSGSEND = YES;
				ENABLE_TESTABILITY = YES;
				GCC_C_LANGUAGE_STANDARD = gnu99;
				GCC_DYNAMIC_NO_PIC = NO;
				GCC_NO_COMMON_BLOCKS = YES;
				GCC_OPTIMIZATION_LEVEL = 0;
				GCC_PREPROCESSOR_DEFINITIONS = (
					"DEBUG=1",
					"$(inherited)",
				);
				GCC_WARN_64_TO_32_BIT_CONVERSION = YES;
				GCC_WARN_ABOUT_RETURN_TYPE = YES_ERROR;
				GCC_WARN_UNDECLARED_SELECTOR = YES;
				GCC_WARN_UNINITIALIZED_AUTOS = YES_AGGRESSIVE;
				GCC_WARN_UNUSED_FUNCTION = YES;
				GCC_WARN_UNUSED_VARIABLE = YES;
				IPHONEOS_DEPLOYMENT_TARGET = 10.2;
				MTL_ENABLE_DEBUG_INFO = YES;
				ONLY_ACTIVE_ARCH = YES;
				SDKROOT = iphoneos;
				TARGETED_DEVICE_FAMILY = "1,2";
			};
			name = Debug;
		};
		0684A75A1E5CEE5B00DB055F /* Release */ = {
			isa = XCBuildConfiguration;
			buildSettings = {
				ALWAYS_SEARCH_USER_PATHS = NO;
				CLANG_ANALYZER_NONNULL = YES;
				CLANG_CXX_LANGUAGE_STANDARD = "gnu++0x";
				CLANG_CXX_LIBRARY = "libc++";
				CLANG_ENABLE_MODULES = YES;
				CLANG_ENABLE_OBJC_ARC = YES;
				CLANG_WARN_BOOL_CONVERSION = YES;
				CLANG_WARN_CONSTANT_CONVERSION = YES;
				CLANG_WARN_DIRECT_OBJC_ISA_USAGE = YES_ERROR;
				CLANG_WARN_DOCUMENTATION_COMMENTS = YES;
				CLANG_WARN_EMPTY_BODY = YES;
				CLANG_WARN_ENUM_CONVERSION = YES;
				CLANG_WARN_INFINITE_RECURSION = YES;
				CLANG_WARN_INT_CONVERSION = YES;
				CLANG_WARN_OBJC_ROOT_CLASS = YES_ERROR;
				CLANG_WARN_SUSPICIOUS_MOVE = YES;
				CLANG_WARN_UNREACHABLE_CODE = YES;
				CLANG_WARN__DUPLICATE_METHOD_MATCH = YES;
				"CODE_SIGN_IDENTITY[sdk=iphoneos*]" = "iPhone Developer";
				COPY_PHASE_STRIP = NO;
				DEBUG_INFORMATION_FORMAT = "dwarf-with-dsym";
				ENABLE_NS_ASSERTIONS = NO;
				ENABLE_STRICT_OBJC_MSGSEND = YES;
				GCC_C_LANGUAGE_STANDARD = gnu99;
				GCC_NO_COMMON_BLOCKS = YES;
				GCC_WARN_64_TO_32_BIT_CONVERSION = YES;
				GCC_WARN_ABOUT_RETURN_TYPE = YES_ERROR;
				GCC_WARN_UNDECLARED_SELECTOR = YES;
				GCC_WARN_UNINITIALIZED_AUTOS = YES_AGGRESSIVE;
				GCC_WARN_UNUSED_FUNCTION = YES;
				GCC_WARN_UNUSED_VARIABLE = YES;
				IPHONEOS_DEPLOYMENT_TARGET = 10.2;
				MTL_ENABLE_DEBUG_INFO = NO;
				SDKROOT = iphoneos;
				TARGETED_DEVICE_FAMILY = "1,2";
				VALIDATE_PRODUCT = YES;
			};
			name = Release;
		};
		0684A75C1E5CEE5B00DB055F /* Debug */ = {
			isa = XCBuildConfiguration;
			buildSettings = {
				ASSETCATALOG_COMPILER_APPICON_NAME = AppIcon;
				INFOPLIST_FILE = CookBook/Info.plist;
				LD_RUNPATH_SEARCH_PATHS = "$(inherited) @executable_path/Frameworks";
				PRODUCT_BUNDLE_IDENTIFIER = dsystems.CookBook;
				PRODUCT_NAME = "$(TARGET_NAME)";
			};
			name = Debug;
		};
		0684A75D1E5CEE5B00DB055F /* Release */ = {
			isa = XCBuildConfiguration;
			buildSettings = {
				ASSETCATALOG_COMPILER_APPICON_NAME = AppIcon;
				INFOPLIST_FILE = CookBook/Info.plist;
				LD_RUNPATH_SEARCH_PATHS = "$(inherited) @executable_path/Frameworks";
				PRODUCT_BUNDLE_IDENTIFIER = dsystems.CookBook;
				PRODUCT_NAME = "$(TARGET_NAME)";
			};
			name = Release;
		};
		0684A75F1E5CEE5B00DB055F /* Debug */ = {
			isa = XCBuildConfiguration;
			buildSettings = {
				BUNDLE_LOADER = "$(TEST_HOST)";
				INFOPLIST_FILE = CookBookTests/Info.plist;
				LD_RUNPATH_SEARCH_PATHS = "$(inherited) @executable_path/Frameworks @loader_path/Frameworks";
				PRODUCT_BUNDLE_IDENTIFIER = dsystems.CookBookTests;
				PRODUCT_NAME = "$(TARGET_NAME)";
				TEST_HOST = "$(BUILT_PRODUCTS_DIR)/CookBook.app/CookBook";
			};
			name = Debug;
		};
		0684A7601E5CEE5B00DB055F /* Release */ = {
			isa = XCBuildConfiguration;
			buildSettings = {
				BUNDLE_LOADER = "$(TEST_HOST)";
				INFOPLIST_FILE = CookBookTests/Info.plist;
				LD_RUNPATH_SEARCH_PATHS = "$(inherited) @executable_path/Frameworks @loader_path/Frameworks";
				PRODUCT_BUNDLE_IDENTIFIER = dsystems.CookBookTests;
				PRODUCT_NAME = "$(TARGET_NAME)";
				TEST_HOST = "$(BUILT_PRODUCTS_DIR)/CookBook.app/CookBook";
			};
			name = Release;
		};
		0684A7621E5CEE5B00DB055F /* Debug */ = {
			isa = XCBuildConfiguration;
			buildSettings = {
				INFOPLIST_FILE = CookBookUITests/Info.plist;
				LD_RUNPATH_SEARCH_PATHS = "$(inherited) @executable_path/Frameworks @loader_path/Frameworks";
				PRODUCT_BUNDLE_IDENTIFIER = dsystems.CookBookUITests;
				PRODUCT_NAME = "$(TARGET_NAME)";
				TEST_TARGET_NAME = CookBook;
			};
			name = Debug;
		};
		0684A7631E5CEE5B00DB055F /* Release */ = {
			isa = XCBuildConfiguration;
			buildSettings = {
				INFOPLIST_FILE = CookBookUITests/Info.plist;
				LD_RUNPATH_SEARCH_PATHS = "$(inherited) @executable_path/Frameworks @loader_path/Frameworks";
				PRODUCT_BUNDLE_IDENTIFIER = dsystems.CookBookUITests;
				PRODUCT_NAME = "$(TARGET_NAME)";
				TEST_TARGET_NAME = CookBook;
			};
			name = Release;
		};
/* End XCBuildConfiguration section */

/* Begin XCConfigurationList section */
		0684A7261E5CEE5A00DB055F /* Build configuration list for PBXProject "CookBook" */ = {
			isa = XCConfigurationList;
			buildConfigurations = (
				0684A7591E5CEE5B00DB055F /* Debug */,
				0684A75A1E5CEE5B00DB055F /* Release */,
			);
			defaultConfigurationIsVisible = 0;
			defaultConfigurationName = Release;
		};
		0684A75B1E5CEE5B00DB055F /* Build configuration list for PBXNativeTarget "CookBook" */ = {
			isa = XCConfigurationList;
			buildConfigurations = (
				0684A75C1E5CEE5B00DB055F /* Debug */,
				0684A75D1E5CEE5B00DB055F /* Release */,
			);
			defaultConfigurationIsVisible = 0;
			defaultConfigurationName = Release;
		};
		0684A75E1E5CEE5B00DB055F /* Build configuration list for PBXNativeTarget "CookBookTests" */ = {
			isa = XCConfigurationList;
			buildConfigurations = (
				0684A75F1E5CEE5B00DB055F /* Debug */,
				0684A7601E5CEE5B00DB055F /* Release */,
			);
			defaultConfigurationIsVisible = 0;
			defaultConfigurationName = Release;
		};
		0684A7611E5CEE5B00DB055F /* Build configuration list for PBXNativeTarget "CookBookUITests" */ = {
			isa = XCConfigurationList;
			buildConfigurations = (
				0684A7621E5CEE5B00DB055F /* Debug */,
				0684A7631E5CEE5B00DB055F /* Release */,
			);
			defaultConfigurationIsVisible = 0;
			defaultConfigurationName = Release;
		};
/* End XCConfigurationList section */

/* Begin XCVersionGroup section */
		0684A73A1E5CEE5A00DB055F /* CookBook.xcdatamodeld */ = {
			isa = XCVersionGroup;
			children = (
				0684A73B1E5CEE5A00DB055F /* CookBook.xcdatamodel */,
			);
			currentVersion = 0684A73B1E5CEE5A00DB055F /* CookBook.xcdatamodel */;
			path = CookBook.xcdatamodeld;
			sourceTree = "<group>";
			versionGroupType = wrapper.xcdatamodel;
		};
/* End XCVersionGroup section */
	};
	rootObject = 0684A7231E5CEE5A00DB055F /* Project object */;
}
